{
    "name": "retropixels",
    "version": "0.0.1",
    "lockfileVersion": 3,
    "requires": true,
    "packages": {
        "": {
            "name": "retropixels",
            "version": "0.0.1",
            "devDependencies": {
                "@biomejs/biome": "2.3.7",
                "@webgpu/types": "^0.1.66",
                "typescript": "^5.9.3",
                "vite": "^7.2.2",
                "vite-tsconfig-paths": "^5.1.4",
                "vitest": "^4.0.13"
            }
        },
        "node_modules/@biomejs/biome": {
            "version": "2.3.7",
            "resolved": "https://registry.npmjs.org/@biomejs/biome/-/biome-2.3.7.tgz",
            "integrity": "sha512-CTbAS/jNAiUc6rcq94BrTB8z83O9+BsgWj2sBCQg9rD6Wkh2gjfR87usjx0Ncx0zGXP1NKgT7JNglay5Zfs9jw==",
            "dev": true,
            "license": "MIT OR Apache-2.0",
            "bin": {
                "biome": "bin/biome"
            },
            "engines": {
                "node": ">=14.21.3"
            },
            "funding": {
                "type": "opencollective",
                "url": "https://opencollective.com/biome"
            },
            "optionalDependencies": {
                "@biomejs/cli-darwin-arm64": "2.3.7",
                "@biomejs/cli-darwin-x64": "2.3.7",
                "@biomejs/cli-linux-arm64": "2.3.7",
                "@biomejs/cli-linux-arm64-musl": "2.3.7",
                "@biomejs/cli-linux-x64": "2.3.7",
                "@biomejs/cli-linux-x64-musl": "2.3.7",
                "@biomejs/cli-win32-arm64": "2.3.7",
                "@biomejs/cli-win32-x64": "2.3.7"
            }
        },
        "node_modules/@biomejs/cli-darwin-arm64": {
            "version": "2.3.7",
            "resolved": "https://registry.npmjs.org/@biomejs/cli-darwin-arm64/-/cli-darwin-arm64-2.3.7.tgz",
            "integrity": "sha512-LirkamEwzIUULhXcf2D5b+NatXKeqhOwilM+5eRkbrnr6daKz9rsBL0kNZ16Hcy4b8RFq22SG4tcLwM+yx/wFA==",
            "cpu": [
                "arm64"
            ],
            "dev": true,
            "license": "MIT OR Apache-2.0",
            "optional": true,
            "os": [
                "darwin"
            ],
            "engines": {
                "node": ">=14.21.3"
            }
        },
        "node_modules/@biomejs/cli-darwin-x64": {
            "version": "2.3.7",
            "resolved": "https://registry.npmjs.org/@biomejs/cli-darwin-x64/-/cli-darwin-x64-2.3.7.tgz",
            "integrity": "sha512-Q4TO633kvrMQkKIV7wmf8HXwF0dhdTD9S458LGE24TYgBjSRbuhvio4D5eOQzirEYg6eqxfs53ga/rbdd8nBKg==",
            "cpu": [
                "x64"
            ],
            "dev": true,
            "license": "MIT OR Apache-2.0",
            "optional": true,
            "os": [
                "darwin"
            ],
            "engines": {
                "node": ">=14.21.3"
            }
        },
        "node_modules/@biomejs/cli-linux-arm64": {
            "version": "2.3.7",
            "resolved": "https://registry.npmjs.org/@biomejs/cli-linux-arm64/-/cli-linux-arm64-2.3.7.tgz",
            "integrity": "sha512-inHOTdlstUBzgjDcx0ge71U4SVTbwAljmkfi3MC5WzsYCRhancqfeL+sa4Ke6v2ND53WIwCFD5hGsYExoI3EZQ==",
            "cpu": [
                "arm64"
            ],
            "dev": true,
            "license": "MIT OR Apache-2.0",
            "optional": true,
            "os": [
                "linux"
            ],
            "engines": {
                "node": ">=14.21.3"
            }
        },
        "node_modules/@biomejs/cli-linux-arm64-musl": {
            "version": "2.3.7",
            "resolved": "https://registry.npmjs.org/@biomejs/cli-linux-arm64-musl/-/cli-linux-arm64-musl-2.3.7.tgz",
            "integrity": "sha512-/afy8lto4CB8scWfMdt+NoCZtatBUF62Tk3ilWH2w8ENd5spLhM77zKlFZEvsKJv9AFNHknMl03zO67CiklL2Q==",
            "cpu": [
                "arm64"
            ],
            "dev": true,
            "license": "MIT OR Apache-2.0",
            "optional": true,
            "os": [
                "linux"
            ],
            "engines": {
                "node": ">=14.21.3"
            }
        },
        "node_modules/@biomejs/cli-linux-x64": {
            "version": "2.3.7",
            "resolved": "https://registry.npmjs.org/@biomejs/cli-linux-x64/-/cli-linux-x64-2.3.7.tgz",
            "integrity": "sha512-fJMc3ZEuo/NaMYo5rvoWjdSS5/uVSW+HPRQujucpZqm2ZCq71b8MKJ9U4th9yrv2L5+5NjPF0nqqILCl8HY/fg==",
            "cpu": [
                "x64"
            ],
            "dev": true,
            "license": "MIT OR Apache-2.0",
            "optional": true,
            "os": [
                "linux"
            ],
            "engines": {
                "node": ">=14.21.3"
            }
        },
        "node_modules/@biomejs/cli-linux-x64-musl": {
            "version": "2.3.7",
            "resolved": "https://registry.npmjs.org/@biomejs/cli-linux-x64-musl/-/cli-linux-x64-musl-2.3.7.tgz",
            "integrity": "sha512-CQUtgH1tIN6e5wiYSJqzSwJumHYolNtaj1dwZGCnZXm2PZU1jOJof9TsyiP3bXNDb+VOR7oo7ZvY01If0W3iFQ==",
            "cpu": [
                "x64"
            ],
            "dev": true,
            "license": "MIT OR Apache-2.0",
            "optional": true,
            "os": [
                "linux"
            ],
            "engines": {
                "node": ">=14.21.3"
            }
        },
        "node_modules/@biomejs/cli-win32-arm64": {
            "version": "2.3.7",
            "resolved": "https://registry.npmjs.org/@biomejs/cli-win32-arm64/-/cli-win32-arm64-2.3.7.tgz",
            "integrity": "sha512-aJAE8eCNyRpcfx2JJAtsPtISnELJ0H4xVVSwnxm13bzI8RwbXMyVtxy2r5DV1xT3WiSP+7LxORcApWw0LM8HiA==",
            "cpu": [
                "arm64"
            ],
            "dev": true,
            "license": "MIT OR Apache-2.0",
            "optional": true,
            "os": [
                "win32"
            ],
            "engines": {
                "node": ">=14.21.3"
            }
        },
        "node_modules/@biomejs/cli-win32-x64": {
            "version": "2.3.7",
            "resolved": "https://registry.npmjs.org/@biomejs/cli-win32-x64/-/cli-win32-x64-2.3.7.tgz",
            "integrity": "sha512-pulzUshqv9Ed//MiE8MOUeeEkbkSHVDVY5Cz5wVAnH1DUqliCQG3j6s1POaITTFqFfo7AVIx2sWdKpx/GS+Nqw==",
            "cpu": [
                "x64"
            ],
            "dev": true,
            "license": "MIT OR Apache-2.0",
            "optional": true,
            "os": [
                "win32"
            ],
            "engines": {
                "node": ">=14.21.3"
            }
        },
        "node_modules/@esbuild/darwin-arm64": {
            "version": "0.25.12",
            "cpu": [
                "arm64"
            ],
            "dev": true,
            "license": "MIT",
            "optional": true,
            "os": [
                "darwin"
            ],
            "engines": {
                "node": ">=18"
            }
        },
        "node_modules/@jridgewell/sourcemap-codec": {
            "version": "1.5.5",
            "dev": true,
            "license": "MIT"
        },
        "node_modules/@rollup/rollup-darwin-arm64": {
            "version": "4.53.3",
            "cpu": [
                "arm64"
            ],
            "dev": true,
            "license": "MIT",
            "optional": true,
            "os": [
                "darwin"
            ]
        },
        "node_modules/@standard-schema/spec": {
            "version": "1.0.0",
            "dev": true,
            "license": "MIT"
        },
        "node_modules/@types/chai": {
            "version": "5.2.3",
            "dev": true,
            "license": "MIT",
            "dependencies": {
                "@types/deep-eql": "*",
                "assertion-error": "^2.0.1"
            }
        },
        "node_modules/@types/deep-eql": {
            "version": "4.0.2",
            "dev": true,
            "license": "MIT"
        },
        "node_modules/@types/estree": {
            "version": "1.0.8",
            "dev": true,
            "license": "MIT"
        },
        "node_modules/@vitest/expect": {
            "version": "4.0.13",
            "resolved": "https://registry.npmjs.org/@vitest/expect/-/expect-4.0.13.tgz",
            "integrity": "sha512-zYtcnNIBm6yS7Gpr7nFTmq8ncowlMdOJkWLqYvhr/zweY6tFbDkDi8BPPOeHxEtK1rSI69H7Fd4+1sqvEGli6w==",
            "dev": true,
            "license": "MIT",
            "dependencies": {
                "@standard-schema/spec": "^1.0.0",
                "@types/chai": "^5.2.2",
                "@vitest/spy": "4.0.13",
                "@vitest/utils": "4.0.13",
                "chai": "^6.2.1",
                "tinyrainbow": "^3.0.3"
            },
            "funding": {
                "url": "https://opencollective.com/vitest"
            }
        },
        "node_modules/@vitest/mocker": {
            "version": "4.0.13",
            "resolved": "https://registry.npmjs.org/@vitest/mocker/-/mocker-4.0.13.tgz",
            "integrity": "sha512-eNCwzrI5djoauklwP1fuslHBjrbR8rqIVbvNlAnkq1OTa6XT+lX68mrtPirNM9TnR69XUPt4puBCx2Wexseylg==",
            "dev": true,
            "license": "MIT",
            "dependencies": {
                "@vitest/spy": "4.0.13",
                "estree-walker": "^3.0.3",
                "magic-string": "^0.30.21"
            },
            "funding": {
                "url": "https://opencollective.com/vitest"
            },
            "peerDependencies": {
                "msw": "^2.4.9",
                "vite": "^6.0.0 || ^7.0.0-0"
            },
            "peerDependenciesMeta": {
                "msw": {
                    "optional": true
                },
                "vite": {
                    "optional": true
                }
            }
        },
        "node_modules/@vitest/pretty-format": {
            "version": "4.0.13",
            "resolved": "https://registry.npmjs.org/@vitest/pretty-format/-/pretty-format-4.0.13.tgz",
            "integrity": "sha512-ooqfze8URWbI2ozOeLDMh8YZxWDpGXoeY3VOgcDnsUxN0jPyPWSUvjPQWqDGCBks+opWlN1E4oP1UYl3C/2EQA==",
            "dev": true,
            "license": "MIT",
            "dependencies": {
                "tinyrainbow": "^3.0.3"
            },
            "funding": {
                "url": "https://opencollective.com/vitest"
            }
        },
        "node_modules/@vitest/runner": {
            "version": "4.0.13",
            "resolved": "https://registry.npmjs.org/@vitest/runner/-/runner-4.0.13.tgz",
            "integrity": "sha512-9IKlAru58wcVaWy7hz6qWPb2QzJTKt+IOVKjAx5vb5rzEFPTL6H4/R9BMvjZ2ppkxKgTrFONEJFtzvnyEpiT+A==",
            "dev": true,
            "license": "MIT",
            "dependencies": {
                "@vitest/utils": "4.0.13",
                "pathe": "^2.0.3"
            },
            "funding": {
                "url": "https://opencollective.com/vitest"
            }
        },
        "node_modules/@vitest/snapshot": {
            "version": "4.0.13",
            "resolved": "https://registry.npmjs.org/@vitest/snapshot/-/snapshot-4.0.13.tgz",
            "integrity": "sha512-hb7Usvyika1huG6G6l191qu1urNPsq1iFc2hmdzQY3F5/rTgqQnwwplyf8zoYHkpt7H6rw5UfIw6i/3qf9oSxQ==",
            "dev": true,
            "license": "MIT",
            "dependencies": {
                "@vitest/pretty-format": "4.0.13",
                "magic-string": "^0.30.21",
                "pathe": "^2.0.3"
            },
            "funding": {
                "url": "https://opencollective.com/vitest"
            }
        },
        "node_modules/@vitest/spy": {
            "version": "4.0.13",
            "resolved": "https://registry.npmjs.org/@vitest/spy/-/spy-4.0.13.tgz",
            "integrity": "sha512-hSu+m4se0lDV5yVIcNWqjuncrmBgwaXa2utFLIrBkQCQkt+pSwyZTPFQAZiiF/63j8jYa8uAeUZ3RSfcdWaYWw==",
            "dev": true,
            "license": "MIT",
            "funding": {
                "url": "https://opencollective.com/vitest"
            }
        },
        "node_modules/@vitest/utils": {
            "version": "4.0.13",
            "resolved": "https://registry.npmjs.org/@vitest/utils/-/utils-4.0.13.tgz",
            "integrity": "sha512-ydozWyQ4LZuu8rLp47xFUWis5VOKMdHjXCWhs1LuJsTNKww+pTHQNK4e0assIB9K80TxFyskENL6vCu3j34EYA==",
            "dev": true,
            "license": "MIT",
            "dependencies": {
                "@vitest/pretty-format": "4.0.13",
                "tinyrainbow": "^3.0.3"
            },
            "funding": {
                "url": "https://opencollective.com/vitest"
            }
        },
        "node_modules/@webgpu/types": {
            "version": "0.1.66",
            "dev": true,
            "license": "BSD-3-Clause"
        },
        "node_modules/assertion-error": {
            "version": "2.0.1",
            "dev": true,
            "license": "MIT",
            "engines": {
                "node": ">=12"
            }
        },
        "node_modules/chai": {
            "version": "6.2.1",
            "dev": true,
            "license": "MIT",
            "engines": {
                "node": ">=18"
            }
        },
        "node_modules/debug": {
            "version": "4.4.3",
            "dev": true,
            "license": "MIT",
            "dependencies": {
                "ms": "^2.1.3"
            },
            "engines": {
                "node": ">=6.0"
            },
            "peerDependenciesMeta": {
                "supports-color": {
                    "optional": true
                }
            }
        },
        "node_modules/es-module-lexer": {
            "version": "1.7.0",
            "dev": true,
            "license": "MIT"
        },
        "node_modules/esbuild": {
            "version": "0.25.12",
            "dev": true,
            "hasInstallScript": true,
            "license": "MIT",
            "bin": {
                "esbuild": "bin/esbuild"
            },
            "engines": {
                "node": ">=18"
            },
            "optionalDependencies": {
                "@esbuild/aix-ppc64": "0.25.12",
                "@esbuild/android-arm": "0.25.12",
                "@esbuild/android-arm64": "0.25.12",
                "@esbuild/android-x64": "0.25.12",
                "@esbuild/darwin-arm64": "0.25.12",
                "@esbuild/darwin-x64": "0.25.12",
                "@esbuild/freebsd-arm64": "0.25.12",
                "@esbuild/freebsd-x64": "0.25.12",
                "@esbuild/linux-arm": "0.25.12",
                "@esbuild/linux-arm64": "0.25.12",
                "@esbuild/linux-ia32": "0.25.12",
                "@esbuild/linux-loong64": "0.25.12",
                "@esbuild/linux-mips64el": "0.25.12",
                "@esbuild/linux-ppc64": "0.25.12",
                "@esbuild/linux-riscv64": "0.25.12",
                "@esbuild/linux-s390x": "0.25.12",
                "@esbuild/linux-x64": "0.25.12",
                "@esbuild/netbsd-arm64": "0.25.12",
                "@esbuild/netbsd-x64": "0.25.12",
                "@esbuild/openbsd-arm64": "0.25.12",
                "@esbuild/openbsd-x64": "0.25.12",
                "@esbuild/openharmony-arm64": "0.25.12",
                "@esbuild/sunos-x64": "0.25.12",
                "@esbuild/win32-arm64": "0.25.12",
                "@esbuild/win32-ia32": "0.25.12",
                "@esbuild/win32-x64": "0.25.12"
            }
        },
        "node_modules/estree-walker": {
            "version": "3.0.3",
            "dev": true,
            "license": "MIT",
            "dependencies": {
                "@types/estree": "^1.0.0"
            }
        },
        "node_modules/expect-type": {
            "version": "1.2.2",
            "dev": true,
            "license": "Apache-2.0",
            "engines": {
                "node": ">=12.0.0"
            }
        },
        "node_modules/fdir": {
            "version": "6.5.0",
            "dev": true,
            "license": "MIT",
            "engines": {
                "node": ">=12.0.0"
            },
            "peerDependencies": {
                "picomatch": "^3 || ^4"
            },
            "peerDependenciesMeta": {
                "picomatch": {
                    "optional": true
                }
            }
        },
        "node_modules/fsevents": {
            "version": "2.3.3",
            "dev": true,
            "license": "MIT",
            "optional": true,
            "os": [
                "darwin"
            ],
            "engines": {
                "node": "^8.16.0 || ^10.6.0 || >=11.0.0"
            }
        },
        "node_modules/globrex": {
            "version": "0.1.2",
            "dev": true,
            "license": "MIT"
        },
        "node_modules/magic-string": {
            "version": "0.30.21",
            "dev": true,
            "license": "MIT",
            "dependencies": {
                "@jridgewell/sourcemap-codec": "^1.5.5"
            }
        },
        "node_modules/ms": {
            "version": "2.1.3",
            "dev": true,
            "license": "MIT"
        },
        "node_modules/nanoid": {
            "version": "3.3.11",
            "dev": true,
            "funding": [
                {
                    "type": "github",
                    "url": "https://github.com/sponsors/ai"
                }
            ],
            "license": "MIT",
            "bin": {
                "nanoid": "bin/nanoid.cjs"
            },
            "engines": {
                "node": "^10 || ^12 || ^13.7 || ^14 || >=15.0.1"
            }
        },
        "node_modules/pathe": {
            "version": "2.0.3",
            "dev": true,
            "license": "MIT"
        },
        "node_modules/picocolors": {
            "version": "1.1.1",
            "dev": true,
            "license": "ISC"
        },
        "node_modules/picomatch": {
            "version": "4.0.3",
            "dev": true,
            "license": "MIT",
            "engines": {
                "node": ">=12"
            },
            "funding": {
                "url": "https://github.com/sponsors/jonschlinkert"
            }
        },
        "node_modules/postcss": {
            "version": "8.5.6",
            "dev": true,
            "funding": [
                {
                    "type": "opencollective",
                    "url": "https://opencollective.com/postcss/"
                },
                {
                    "type": "tidelift",
                    "url": "https://tidelift.com/funding/github/npm/postcss"
                },
                {
                    "type": "github",
                    "url": "https://github.com/sponsors/ai"
                }
            ],
            "license": "MIT",
            "dependencies": {
                "nanoid": "^3.3.11",
                "picocolors": "^1.1.1",
                "source-map-js": "^1.2.1"
            },
            "engines": {
                "node": "^10 || ^12 || >=14"
            }
        },
        "node_modules/rollup": {
            "version": "4.53.3",
            "dev": true,
            "license": "MIT",
            "dependencies": {
                "@types/estree": "1.0.8"
            },
            "bin": {
                "rollup": "dist/bin/rollup"
            },
            "engines": {
                "node": ">=18.0.0",
                "npm": ">=8.0.0"
            },
            "optionalDependencies": {
                "@rollup/rollup-android-arm-eabi": "4.53.3",
                "@rollup/rollup-android-arm64": "4.53.3",
                "@rollup/rollup-darwin-arm64": "4.53.3",
                "@rollup/rollup-darwin-x64": "4.53.3",
                "@rollup/rollup-freebsd-arm64": "4.53.3",
                "@rollup/rollup-freebsd-x64": "4.53.3",
                "@rollup/rollup-linux-arm-gnueabihf": "4.53.3",
                "@rollup/rollup-linux-arm-musleabihf": "4.53.3",
                "@rollup/rollup-linux-arm64-gnu": "4.53.3",
                "@rollup/rollup-linux-arm64-musl": "4.53.3",
                "@rollup/rollup-linux-loong64-gnu": "4.53.3",
                "@rollup/rollup-linux-ppc64-gnu": "4.53.3",
                "@rollup/rollup-linux-riscv64-gnu": "4.53.3",
                "@rollup/rollup-linux-riscv64-musl": "4.53.3",
                "@rollup/rollup-linux-s390x-gnu": "4.53.3",
                "@rollup/rollup-linux-x64-gnu": "4.53.3",
                "@rollup/rollup-linux-x64-musl": "4.53.3",
                "@rollup/rollup-openharmony-arm64": "4.53.3",
                "@rollup/rollup-win32-arm64-msvc": "4.53.3",
                "@rollup/rollup-win32-ia32-msvc": "4.53.3",
                "@rollup/rollup-win32-x64-gnu": "4.53.3",
                "@rollup/rollup-win32-x64-msvc": "4.53.3",
                "fsevents": "~2.3.2"
            }
        },
        "node_modules/siginfo": {
            "version": "2.0.0",
            "dev": true,
            "license": "ISC"
        },
        "node_modules/source-map-js": {
            "version": "1.2.1",
            "dev": true,
            "license": "BSD-3-Clause",
            "engines": {
                "node": ">=0.10.0"
            }
        },
        "node_modules/stackback": {
            "version": "0.0.2",
            "dev": true,
            "license": "MIT"
        },
        "node_modules/std-env": {
            "version": "3.10.0",
            "dev": true,
            "license": "MIT"
        },
        "node_modules/tinybench": {
            "version": "2.9.0",
            "dev": true,
            "license": "MIT"
        },
        "node_modules/tinyexec": {
            "version": "0.3.2",
            "dev": true,
            "license": "MIT"
        },
        "node_modules/tinyglobby": {
            "version": "0.2.15",
            "dev": true,
            "license": "MIT",
            "dependencies": {
                "fdir": "^6.5.0",
                "picomatch": "^4.0.3"
            },
            "engines": {
                "node": ">=12.0.0"
            },
            "funding": {
                "url": "https://github.com/sponsors/SuperchupuDev"
            }
        },
        "node_modules/tinyrainbow": {
            "version": "3.0.3",
            "dev": true,
            "license": "MIT",
            "engines": {
                "node": ">=14.0.0"
            }
        },
        "node_modules/tsconfck": {
            "version": "3.1.6",
            "dev": true,
            "license": "MIT",
            "bin": {
                "tsconfck": "bin/tsconfck.js"
            },
            "engines": {
                "node": "^18 || >=20"
            },
            "peerDependencies": {
                "typescript": "^5.0.0"
            },
            "peerDependenciesMeta": {
                "typescript": {
                    "optional": true
                }
            }
        },
        "node_modules/typescript": {
            "version": "5.9.3",
            "dev": true,
            "license": "Apache-2.0",
            "bin": {
                "tsc": "bin/tsc",
                "tsserver": "bin/tsserver"
            },
            "engines": {
                "node": ">=14.17"
            }
        },
        "node_modules/vite": {
            "version": "7.2.4",
            "resolved": "https://registry.npmjs.org/vite/-/vite-7.2.4.tgz",
            "integrity": "sha512-NL8jTlbo0Tn4dUEXEsUg8KeyG/Lkmc4Fnzb8JXN/Ykm9G4HNImjtABMJgkQoVjOBN/j2WAwDTRytdqJbZsah7w==",
            "dev": true,
            "license": "MIT",
            "dependencies": {
                "esbuild": "^0.25.0",
                "fdir": "^6.5.0",
                "picomatch": "^4.0.3",
                "postcss": "^8.5.6",
                "rollup": "^4.43.0",
                "tinyglobby": "^0.2.15"
            },
            "bin": {
                "vite": "bin/vite.js"
            },
            "engines": {
                "node": "^20.19.0 || >=22.12.0"
            },
            "funding": {
                "url": "https://github.com/vitejs/vite?sponsor=1"
            },
            "optionalDependencies": {
                "fsevents": "~2.3.3"
            },
            "peerDependencies": {
                "@types/node": "^20.19.0 || >=22.12.0",
                "jiti": ">=1.21.0",
                "less": "^4.0.0",
                "lightningcss": "^1.21.0",
                "sass": "^1.70.0",
                "sass-embedded": "^1.70.0",
                "stylus": ">=0.54.8",
                "sugarss": "^5.0.0",
                "terser": "^5.16.0",
                "tsx": "^4.8.1",
                "yaml": "^2.4.2"
            },
            "peerDependenciesMeta": {
                "@types/node": {
                    "optional": true
                },
                "jiti": {
                    "optional": true
                },
                "less": {
                    "optional": true
                },
                "lightningcss": {
                    "optional": true
                },
                "sass": {
                    "optional": true
                },
                "sass-embedded": {
                    "optional": true
                },
                "stylus": {
                    "optional": true
                },
                "sugarss": {
                    "optional": true
                },
                "terser": {
                    "optional": true
                },
                "tsx": {
                    "optional": true
                },
                "yaml": {
                    "optional": true
                }
            }
        },
        "node_modules/vite-tsconfig-paths": {
            "version": "5.1.4",
            "dev": true,
            "license": "MIT",
            "dependencies": {
                "debug": "^4.1.1",
                "globrex": "^0.1.2",
                "tsconfck": "^3.0.3"
            },
            "peerDependencies": {
                "vite": "*"
            },
            "peerDependenciesMeta": {
                "vite": {
                    "optional": true
                }
            }
        },
        "node_modules/vitest": {
            "version": "4.0.13",
            "resolved": "https://registry.npmjs.org/vitest/-/vitest-4.0.13.tgz",
            "integrity": "sha512-QSD4I0fN6uZQfftryIXuqvqgBxTvJ3ZNkF6RWECd82YGAYAfhcppBLFXzXJHQAAhVFyYEuFTrq6h0hQqjB7jIQ==",
            "dev": true,
            "license": "MIT",
            "dependencies": {
                "@vitest/expect": "4.0.13",
                "@vitest/mocker": "4.0.13",
                "@vitest/pretty-format": "4.0.13",
                "@vitest/runner": "4.0.13",
                "@vitest/snapshot": "4.0.13",
                "@vitest/spy": "4.0.13",
                "@vitest/utils": "4.0.13",
                "debug": "^4.4.3",
                "es-module-lexer": "^1.7.0",
                "expect-type": "^1.2.2",
                "magic-string": "^0.30.21",
                "pathe": "^2.0.3",
                "picomatch": "^4.0.3",
                "std-env": "^3.10.0",
                "tinybench": "^2.9.0",
                "tinyexec": "^0.3.2",
                "tinyglobby": "^0.2.15",
                "tinyrainbow": "^3.0.3",
                "vite": "^6.0.0 || ^7.0.0",
                "why-is-node-running": "^2.3.0"
            },
            "bin": {
                "vitest": "vitest.mjs"
            },
            "engines": {
                "node": "^20.0.0 || ^22.0.0 || >=24.0.0"
            },
            "funding": {
                "url": "https://opencollective.com/vitest"
            },
            "peerDependencies": {
                "@edge-runtime/vm": "*",
                "@opentelemetry/api": "^1.9.0",
                "@types/debug": "^4.1.12",
                "@types/node": "^20.0.0 || ^22.0.0 || >=24.0.0",
                "@vitest/browser-playwright": "4.0.13",
                "@vitest/browser-preview": "4.0.13",
                "@vitest/browser-webdriverio": "4.0.13",
                "@vitest/ui": "4.0.13",
                "happy-dom": "*",
                "jsdom": "*"
            },
            "peerDependenciesMeta": {
                "@edge-runtime/vm": {
                    "optional": true
                },
                "@opentelemetry/api": {
                    "optional": true
                },
                "@types/debug": {
                    "optional": true
                },
                "@types/node": {
                    "optional": true
                },
                "@vitest/browser-playwright": {
                    "optional": true
                },
                "@vitest/browser-preview": {
                    "optional": true
                },
                "@vitest/browser-webdriverio": {
                    "optional": true
                },
                "@vitest/ui": {
                    "optional": true
                },
                "happy-dom": {
                    "optional": true
                },
                "jsdom": {
                    "optional": true
                }
            }
        },
        "node_modules/why-is-node-running": {
            "version": "2.3.0",
            "dev": true,
            "license": "MIT",
            "dependencies": {
                "siginfo": "^2.0.0",
                "stackback": "0.0.2"
            },
            "bin": {
                "why-is-node-running": "cli.js"
            },
            "engines": {
                "node": ">=8"
            }
        }
    }
}
